
Microsoft Visual Studio Solution File, Format Version 12.00
# Visual Studio Version 17
VisualStudioVersion = 17.7.34009.444
MinimumVisualStudioVersion = 10.0.40219.1
Project("{888888A0-9F3D-457C-B088-3A5042F75D52}") = "Country", "Country.pyproj", "{7D322F6B-3F92-4DC7-8BDA-F32FD4204B67}"
EndProject
Global
	GlobalSection(SolutionConfigurationPlatforms) = preSolution
		Debug|Any CPU = Debug|Any CPU
		Release|Any CPU = Release|Any CPU
	EndGlobalSection
	GlobalSection(ProjectConfigurationPlatforms) = postSolution
		{7D322F6B-3F92-4DC7-8BDA-F32FD4204B67}.Debug|Any CPU.ActiveCfg = Debug|Any CPU
		{7D322F6B-3F92-4DC7-8BDA-F32FD4204B67}.Release|Any CPU.ActiveCfg = Release|Any CPU
	EndGlobalSection
	GlobalSection(SolutionProperties) = preSolution
		HideSolutionNode = FALSE
	EndGlobalSection
	GlobalSection(ExtensibilityGlobals) = postSolution
		SolutionGuid = {92FBF07D-8427-4C97-8000-7C0E9B26F06C}
	EndGlobalSection
EndGlobal
